<?xml version="1.0" encoding="utf-8"?>
<Project ToolsVersion="4.0" xmlns="http://schemas.microsoft.com/developer/msbuild/2003">
  <ItemGroup>
    <Filter Include="Assets">
      <UniqueIdentifier>{d23b6ac6-85f5-4019-9988-305dec70a555}</UniqueIdentifier>
    </Filter>
    <Filter Include="Header Files">
      <UniqueIdentifier>{14fa0782-558e-4159-ad40-6a6d88c6c322}</UniqueIdentifier>
    </Filter>
    <Filter Include="Source Files">
      <UniqueIdentifier>{a6d40571-1652-4382-9806-cddc0f42939c}</UniqueIdentifier>
    </Filter>
    <Filter Include="Bin">
      <UniqueIdentifier>{80a2a153-aa07-489a-9a1e-0b6136be9611}</UniqueIdentifier>
    </Filter>
  </ItemGroup>
  <ItemGroup>
    <Image Include="assets\assets_minestorm.jpg">
      <Filter>Assets</Filter>
    </Image>
    <Image Include="assets\minestorm_background.png">
      <Filter>Assets</Filter>
    </Image>
    <Image Include="assets\minestorm_forground.jpg">
      <Filter>Assets</Filter>
    </Image>
    <Image Include="assets\minestorm_forground.png">
      <Filter>Assets</Filter>
    </Image>
    <Image Include="assets\minestorm_sprite_atlas_mine_storm.png">
      <Filter>Assets</Filter>
    </Image>
    <Image Include="assets\assets_minestorm_new.png">
      <Filter>Assets</Filter>
    </Image>
  </ItemGroup>
  <ItemGroup>
    <ClCompile Include="src\main.cpp">
      <Filter>Source Files</Filter>
    </ClCompile>
    <ClCompile Include="src\Vector2f.cpp">
      <Filter>Source Files</Filter>
    </ClCompile>
    <ClCompile Include="src\Coordinates.cpp">
      <Filter>Source Files</Filter>
    </ClCompile>
    <ClCompile Include="src\Game.cpp">
      <Filter>Source Files</Filter>
    </ClCompile>
    <ClCompile Include="src\MathToolbox\geo_calculs.cpp">
      <Filter>Source Files</Filter>
    </ClCompile>
    <ClCompile Include="src\Entity\Entity.cpp">
      <Filter>Source Files</Filter>
    </ClCompile>
    <ClCompile Include="src\Entity\Mine\Mine.cpp">
      <Filter>Source Files</Filter>
    </ClCompile>
    <ClCompile Include="src\Entity\Minelayer\Minelayer.cpp">
      <Filter>Source Files</Filter>
    </ClCompile>
    <ClCompile Include="src\Entity\Spaceship\Spaceship.cpp">
      <Filter>Source Files</Filter>
    </ClCompile>
    <ClCompile Include="src\Entity\Mine\FloatingMine\FloatingMine.cpp">
      <Filter>Source Files</Filter>
    </ClCompile>
    <ClCompile Include="src\Entity\Mine\FireballMine\FireballMine.cpp">
      <Filter>Source Files</Filter>
    </ClCompile>
    <ClCompile Include="src\Entity\Mine\MagneticMine\MagneticMine.cpp">
      <Filter>Source Files</Filter>
    </ClCompile>
    <ClCompile Include="src\Entity\Projectile\Bullet\Bullet.cpp">
      <Filter>Source Files</Filter>
    </ClCompile>
    <ClCompile Include="src\Entity\Projectile\Fireball\Fireball.cpp">
      <Filter>Source Files</Filter>
    </ClCompile>
    <ClCompile Include="src\Entity\Projectile\Projectile.cpp">
      <Filter>Source Files</Filter>
    </ClCompile>
    <ClCompile Include="src\Entity\Spawn\Spawn.cpp">
      <Filter>Source Files</Filter>
    </ClCompile>
    <ClCompile Include="src\Entity\Mine\HybridMine\HybridMine.cpp">
      <Filter>Source Files</Filter>
    </ClCompile>
    <ClCompile Include="src\Level.cpp">
      <Filter>Source Files</Filter>
    </ClCompile>
    <ClCompile Include="src\LevelManager.cpp">
      <Filter>Source Files</Filter>
    </ClCompile>
    <ClCompile Include="src\resources.cpp">
      <Filter>Source Files</Filter>
    </ClCompile>
  </ItemGroup>
  <ItemGroup>
    <ClInclude Include="src\Vector2f.hpp">
      <Filter>Header Files</Filter>
    </ClInclude>
    <ClInclude Include="src\Coordinates.hpp">
      <Filter>Header Files</Filter>
    </ClInclude>
    <ClInclude Include="src\Game.hpp">
      <Filter>Header Files</Filter>
    </ClInclude>
    <ClInclude Include="src\MathToolbox\geo_calculs.hpp">
      <Filter>Header Files</Filter>
    </ClInclude>
    <ClInclude Include="src\MathToolbox\primitives.hpp">
      <Filter>Header Files</Filter>
    </ClInclude>
    <ClInclude Include="src\Entity\Entity.hpp">
      <Filter>Header Files</Filter>
    </ClInclude>
    <ClInclude Include="src\Entity\Mine\Mine.hpp">
      <Filter>Header Files</Filter>
    </ClInclude>
    <ClInclude Include="src\Entity\Minelayer\Minelayer.hpp">
      <Filter>Header Files</Filter>
    </ClInclude>
    <ClInclude Include="src\Entity\Spaceship\Spaceship.hpp">
      <Filter>Header Files</Filter>
    </ClInclude>
    <ClInclude Include="src\Entity\Mine\FloatingMine\FloatingMine.hpp">
      <Filter>Header Files</Filter>
    </ClInclude>
    <ClInclude Include="src\Entity\Mine\MagneticMine\MagneticMine.hpp">
      <Filter>Header Files</Filter>
    </ClInclude>
    <ClInclude Include="src\Entity\Mine\FireballMine\FireballMine.hpp">
      <Filter>Header Files</Filter>
    </ClInclude>
    <ClInclude Include="src\Entity\Projectile\Bullet\Bullet.hpp">
      <Filter>Header Files</Filter>
    </ClInclude>
    <ClInclude Include="src\Entity\Projectile\Fireball\Fireball.hpp">
      <Filter>Header Files</Filter>
    </ClInclude>
    <ClInclude Include="src\Entity\Projectile\Projectile.hpp">
      <Filter>Header Files</Filter>
    </ClInclude>
    <ClInclude Include="src\Entity\Spawn\Spawn.hpp">
      <Filter>Header Files</Filter>
    </ClInclude>
    <ClInclude Include="src\Entity\Mine\HybridMine\HybridMine.hpp">
      <Filter>Header Files</Filter>
    </ClInclude>
    <ClInclude Include="src\Level.hpp">
      <Filter>Header Files</Filter>
    </ClInclude>
    <ClInclude Include="src\LevelManager.hpp">
      <Filter>Header Files</Filter>
    </ClInclude>
    <ClInclude Include="src\resources.hpp">
      <Filter>Header Files</Filter>
    </ClInclude>
  </ItemGroup>
  <ItemGroup>
    <Text Include="bin\levels.txt">
      <Filter>Bin</Filter>
    </Text>
  </ItemGroup>
</Project>